%{
  "benchee": {:hex, :benchee, "0.13.0", "9ded9774f1f112cc544d82e5f9a905a016862f93ba89f983d6a7e25091efe23d", [:mix], [{:deep_merge, "~> 0.1", [hex: :deep_merge, repo: "hexpm", optional: false]}], "hexpm"},
  "deep_merge": {:hex, :deep_merge, "0.1.1", "c27866a7524a337b6a039eeb8dd4f17d458fd40fbbcb8c54661b71a22fffe846", [:mix], [], "hexpm"},
}
